<?xml version="1.0" encoding="utf-8"?>
<Project ToolsVersion="4.0" xmlns="http://schemas.microsoft.com/developer/msbuild/2003">
  <ItemGroup>
    <Filter Include="Source Files">
      <UniqueIdentifier>{4FC737F1-C7A5-4376-A066-2A32D752A2FF}</UniqueIdentifier>
      <Extensions>cpp;c;cc;cxx;def;odl;idl;hpj;bat;asm;asmx</Extensions>
    </Filter>
    <Filter Include="Header Files">
      <UniqueIdentifier>{93995380-89BD-4b04-88EB-625FBE52EBFB}</UniqueIdentifier>
      <Extensions>h;hh;hpp;hxx;hm;inl;inc;xsd</Extensions>
    </Filter>
    <Filter Include="Resource Files">
      <UniqueIdentifier>{67DA6AB6-F800-4c08-8B7A-83BB121AAD01}</UniqueIdentifier>
      <Extensions>rc;ico;cur;bmp;dlg;rc2;rct;bin;rgs;gif;jpg;jpeg;jpe;resx;tiff;tif;png;wav;mfcribbon-ms</Extensions>
    </Filter>
  </ItemGroup>
  <ItemGroup>
    <Text Include="ReadMe.txt" />
  </ItemGroup>
  <ItemGroup>
    <ClInclude Include="stdafx.h">
      <Filter>Header Files</Filter>
    </ClInclude>
    <ClInclude Include="targetver.h">
      <Filter>Header Files</Filter>
    </ClInclude>
    <ClInclude Include="base.h">
      <Filter>Header Files</Filter>
    </ClInclude>
    <ClInclude Include="base64.h">
      <Filter>Header Files</Filter>
    </ClInclude>
    <ClInclude Include="bsonelement.h">
      <Filter>Header Files</Filter>
    </ClInclude>
    <ClInclude Include="bson-inl.h">
      <Filter>Header Files</Filter>
    </ClInclude>
    <ClInclude Include="bsonobj.h">
      <Filter>Header Files</Filter>
    </ClInclude>
    <ClInclude Include="bsonobjbuilder.h">
      <Filter>Header Files</Filter>
    </ClInclude>
    <ClInclude Include="bsonobjiterator.h">
      <Filter>Header Files</Filter>
    </ClInclude>
    <ClInclude Include="bsontypes.h">
      <Filter>Header Files</Filter>
    </ClInclude>
    <ClInclude Include="builder.h">
      <Filter>Header Files</Filter>
    </ClInclude>
    <ClInclude Include="cstdint.h">
      <Filter>Header Files</Filter>
    </ClInclude>
    <ClInclude Include="endian.h">
      <Filter>Header Files</Filter>
    </ClInclude>
    <ClInclude Include="errorcodes.h">
      <Filter>Header Files</Filter>
    </ClInclude>
    <ClInclude Include="float_utils.h">
      <Filter>Header Files</Filter>
    </ClInclude>
    <ClInclude Include="hex.h">
      <Filter>Header Files</Filter>
    </ClInclude>
    <ClInclude Include="json.h">
      <Filter>Header Files</Filter>
    </ClInclude>
    <ClInclude Include="oid.h">
      <Filter>Header Files</Filter>
    </ClInclude>
    <ClInclude Include="ordering.h">
      <Filter>Header Files</Filter>
    </ClInclude>
    <ClInclude Include="parse_number.h">
      <Filter>Header Files</Filter>
    </ClInclude>
    <ClInclude Include="status.h">
      <Filter>Header Files</Filter>
    </ClInclude>
    <ClInclude Include="status_with.h">
      <Filter>Header Files</Filter>
    </ClInclude>
    <ClInclude Include="string_data.h">
      <Filter>Header Files</Filter>
    </ClInclude>
    <ClInclude Include="string_data-inl.h">
      <Filter>Header Files</Filter>
    </ClInclude>
    <ClInclude Include="time_support.h">
      <Filter>Header Files</Filter>
    </ClInclude>
  </ItemGroup>
  <ItemGroup>
    <ClCompile Include="stdafx.cpp">
      <Filter>Source Files</Filter>
    </ClCompile>
    <ClCompile Include="base64.cpp">
      <Filter>Source Files</Filter>
    </ClCompile>
    <ClCompile Include="bson.cpp">
      <Filter>Source Files</Filter>
    </ClCompile>
    <ClCompile Include="hex.cpp">
      <Filter>Source Files</Filter>
    </ClCompile>
    <ClCompile Include="json.cpp">
      <Filter>Source Files</Filter>
    </ClCompile>
    <ClCompile Include="parse_number.cpp">
      <Filter>Source Files</Filter>
    </ClCompile>
    <ClCompile Include="time_support.cpp">
      <Filter>Source Files</Filter>
    </ClCompile>
    <ClCompile Include="valid.cpp">
      <Filter>Source Files</Filter>
    </ClCompile>
  </ItemGroup>
</Project>