// !$*UTF8*$!
{
	archiveVersion = 1;
	classes = {
	};
	objectVersion = 46;
	objects = {

/* Begin PBXBuildFile section */
		2A5251D71CFFD0F000D33511 /* UCSOpenUDID.m in Sources */ = {isa = PBXBuildFile; fileRef = 2A5251D61CFFD0F000D33511 /* UCSOpenUDID.m */; };
		2A5FEED51CE5D4FD006D572E /* UCSVoipCommonFunc.m in Sources */ = {isa = PBXBuildFile; fileRef = 2A5FEED41CE5D4FD006D572E /* UCSVoipCommonFunc.m */; };
		2A6670E81B66166900B1BA1F /* UCSExceptionHandler.m in Sources */ = {isa = PBXBuildFile; fileRef = 2A6670E71B66166900B1BA1F /* UCSExceptionHandler.m */; };
		2A8B3A0F1D0524C8009FF3BE /* UCSVoipZipArchive.mm in Sources */ = {isa = PBXBuildFile; fileRef = 2A8B3A0E1D0524C8009FF3BE /* UCSVoipZipArchive.mm */; };
		2AB95EBB1C3FDE87008E91F3 /* UCSRecordRequestManager.m in Sources */ = {isa = PBXBuildFile; fileRef = 2AB95EBA1C3FDE87008E91F3 /* UCSRecordRequestManager.m */; };
		2AF3D6981B4E539E00EF9D33 /* SoftphoneManager.mm in Sources */ = {isa = PBXBuildFile; fileRef = 2AF3D6921B4E539E00EF9D33 /* SoftphoneManager.mm */; };
		2AFDDF671CA1243C00D349CA /* KeyChain.m in Sources */ = {isa = PBXBuildFile; fileRef = 2AFDDF661CA1243C00D349CA /* KeyChain.m */; };
		2AFDDF6A1CA1541F00D349CA /* UXinSoundManager.m in Sources */ = {isa = PBXBuildFile; fileRef = 2AFDDF691CA1541F00D349CA /* UXinSoundManager.m */; };
		3BA8F0171A79D33800C0169C /* SDKLogManager.m in Sources */ = {isa = PBXBuildFile; fileRef = 3BA8F0161A79D33800C0169C /* SDKLogManager.m */; };
		5A21F0E11EE160E8004F6824 /* ugo-Mac-lib.a in Frameworks */ = {isa = PBXBuildFile; fileRef = 5A21F0DF1EE160E8004F6824 /* ugo-Mac-lib.a */; };
		5A21F0E21EE160E8004F6824 /* vigo-Mac.a in Frameworks */ = {isa = PBXBuildFile; fileRef = 5A21F0E01EE160E8004F6824 /* vigo-Mac.a */; };
		5A49532E1E49CF8800073A56 /* GCDAsyncUdpSocket.m in Sources */ = {isa = PBXBuildFile; fileRef = 5A49532D1E49CF8800073A56 /* GCDAsyncUdpSocket.m */; settings = {COMPILER_FLAGS = "-fobjc-arc"; }; };
		9AA313981C44D7E2009ED5E8 /* UCSVoipCatchExceptionHandler.m in Sources */ = {isa = PBXBuildFile; fileRef = 9AA313961C44D7E2009ED5E8 /* UCSVoipCatchExceptionHandler.m */; };
		9AA3139B1C44E521009ED5E8 /* UCSCrashLogRequestManager.m in Sources */ = {isa = PBXBuildFile; fileRef = 9AA3139A1C44E521009ED5E8 /* UCSCrashLogRequestManager.m */; };
		9AD5B04D1C4603760098FDAA /* UCSConLogRequestManager.m in Sources */ = {isa = PBXBuildFile; fileRef = 9AD5B04C1C4603760098FDAA /* UCSConLogRequestManager.m */; };
		A50D809A1929AE680015B689 /* UCSCallingHttpRequest.m in Sources */ = {isa = PBXBuildFile; fileRef = A50D80991929AE680015B689 /* UCSCallingHttpRequest.m */; };
		A543ABB018ED747100F16CA9 /* Foundation.framework in Frameworks */ = {isa = PBXBuildFile; fileRef = A543ABAF18ED747100F16CA9 /* Foundation.framework */; };
		A543ABDE18ED758D00F16CA9 /* KCTService.m in Sources */ = {isa = PBXBuildFile; fileRef = A543ABDB18ED758D00F16CA9 /* KCTService.m */; };
		A543ABDF18ED758D00F16CA9 /* KCTCommonClass.m in Sources */ = {isa = PBXBuildFile; fileRef = A543ABDD18ED758D00F16CA9 /* KCTCommonClass.m */; };
		A543ABE018ED75A900F16CA9 /* KCTEvent.h in CopyFiles */ = {isa = PBXBuildFile; fileRef = A543ABD918ED758D00F16CA9 /* KCTEvent.h */; };
		A543ABE118ED75A900F16CA9 /* KCTService.h in CopyFiles */ = {isa = PBXBuildFile; fileRef = A543ABDA18ED758D00F16CA9 /* KCTService.h */; };
		A543ABE218ED75A900F16CA9 /* KCTCommonClass.h in CopyFiles */ = {isa = PBXBuildFile; fileRef = A543ABDC18ED758D00F16CA9 /* KCTCommonClass.h */; };
		A56221F9194EA2AD00F592A6 /* UCSNetStaticInterface.m in Sources */ = {isa = PBXBuildFile; fileRef = A56221F8194EA2AD00F592A6 /* UCSNetStaticInterface.m */; };
		A585C010197FB05300F47228 /* SecurityURLAdaptor.m in Sources */ = {isa = PBXBuildFile; fileRef = A585BE3A197FB05200F47228 /* SecurityURLAdaptor.m */; };
		A585C011197FB05300F47228 /* Signature.c in Sources */ = {isa = PBXBuildFile; fileRef = A585BE3E197FB05200F47228 /* Signature.c */; };
		A585C04B197FB05300F47228 /* uxinbase64.m in Sources */ = {isa = PBXBuildFile; fileRef = A585BF16197FB05200F47228 /* uxinbase64.m */; };
		A585C04C197FB05300F47228 /* UxinGTMBase64.m in Sources */ = {isa = PBXBuildFile; fileRef = A585BF18197FB05200F47228 /* UxinGTMBase64.m */; };
		A585C05F197FB05300F47228 /* Utility.m in Sources */ = {isa = PBXBuildFile; fileRef = A585BF45197FB05200F47228 /* Utility.m */; };
		A585C068197FB05300F47228 /* UCSASIDataCompressor.m in Sources */ = {isa = PBXBuildFile; fileRef = A585BF5C197FB05300F47228 /* UCSASIDataCompressor.m */; };
		A585C069197FB05300F47228 /* UCSASIDataDecompressor.m in Sources */ = {isa = PBXBuildFile; fileRef = A585BF5E197FB05300F47228 /* UCSASIDataDecompressor.m */; };
		A585C06A197FB05300F47228 /* UCSASIDownloadCache.m in Sources */ = {isa = PBXBuildFile; fileRef = A585BF60197FB05300F47228 /* UCSASIDownloadCache.m */; };
		A585C06B197FB05300F47228 /* UCSASIFormDataRequest.m in Sources */ = {isa = PBXBuildFile; fileRef = A585BF62197FB05300F47228 /* UCSASIFormDataRequest.m */; };
		A585C06C197FB05300F47228 /* UCSASIHTTPRequest.m in Sources */ = {isa = PBXBuildFile; fileRef = A585BF64197FB05300F47228 /* UCSASIHTTPRequest.m */; };
		A585C06D197FB05300F47228 /* UCSASIInputStream.m in Sources */ = {isa = PBXBuildFile; fileRef = A585BF68197FB05300F47228 /* UCSASIInputStream.m */; };
		A585C06E197FB05300F47228 /* UCSASINetworkQueue.m in Sources */ = {isa = PBXBuildFile; fileRef = A585BF6A197FB05300F47228 /* UCSASINetworkQueue.m */; };
		A585C0AF197FB28F00F47228 /* PublicFunc.m in Sources */ = {isa = PBXBuildFile; fileRef = A585C095197FB28F00F47228 /* PublicFunc.m */; };
		A585C0B8197FB28F00F47228 /* UXLogging.m in Sources */ = {isa = PBXBuildFile; fileRef = A585C0A7197FB28F00F47228 /* UXLogging.m */; };
		A585C0BE197FB35600F47228 /* UserKeyChainManager.m in Sources */ = {isa = PBXBuildFile; fileRef = A585C0BD197FB35600F47228 /* UserKeyChainManager.m */; };
		A585C0C1197FB38000F47228 /* UserDefaultManager.m in Sources */ = {isa = PBXBuildFile; fileRef = A585C0C0197FB38000F47228 /* UserDefaultManager.m */; };
		A585C0D6197FBE8300F47228 /* CustomUDPListPing.m in Sources */ = {isa = PBXBuildFile; fileRef = A585C0D5197FBE8300F47228 /* CustomUDPListPing.m */; };
		A5A15CE3199A0E1300DD45D0 /* NSDataEx.m in Sources */ = {isa = PBXBuildFile; fileRef = A5A15CE2199A0E1300DD45D0 /* NSDataEx.m */; };
		A5B1DA6E19FA06BB0052A58A /* UCSStatiRequestManager.m in Sources */ = {isa = PBXBuildFile; fileRef = A5B1DA6719FA06BB0052A58A /* UCSStatiRequestManager.m */; };
		A5B1DA6F19FA06BB0052A58A /* UCSStatisticalHelp.m in Sources */ = {isa = PBXBuildFile; fileRef = A5B1DA6A19FA06BB0052A58A /* UCSStatisticalHelp.m */; };
		A5B1DA7119FA06BB0052A58A /* UIDevice+IOKit_Extensions.m in Sources */ = {isa = PBXBuildFile; fileRef = A5B1DA6D19FA06BB0052A58A /* UIDevice+IOKit_Extensions.m */; };
		A5B692C718FE13C200898C41 /* UCSTCPClientManager.m in Sources */ = {isa = PBXBuildFile; fileRef = A5B692C618FE13C200898C41 /* UCSTCPClientManager.m */; };
		A5B692CC18FE9FD800898C41 /* UCSDialViewController.mm in Sources */ = {isa = PBXBuildFile; fileRef = A5B692CB18FE9FD800898C41 /* UCSDialViewController.mm */; };
		A5C21E271A0771B200796F35 /* UCSCPSManager.m in Sources */ = {isa = PBXBuildFile; fileRef = A5C21E261A0771B200796F35 /* UCSCPSManager.m */; };
		A5D0BB9118F4D6180051328E /* EventKit.framework in Frameworks */ = {isa = PBXBuildFile; fileRef = A5D0BB9018F4D6180051328E /* EventKit.framework */; };
		A5D0BBA318F4D6950051328E /* Security.framework in Frameworks */ = {isa = PBXBuildFile; fileRef = A5D0BBA218F4D6950051328E /* Security.framework */; };
		A5D0BBA518F4D69E0051328E /* CoreMedia.framework in Frameworks */ = {isa = PBXBuildFile; fileRef = A5D0BBA418F4D69E0051328E /* CoreMedia.framework */; };
		A5D0BBA718F4D6AA0051328E /* CoreVideo.framework in Frameworks */ = {isa = PBXBuildFile; fileRef = A5D0BBA618F4D6AA0051328E /* CoreVideo.framework */; };
		A5D0BBAB18F4D6D00051328E /* MediaPlayer.framework in Frameworks */ = {isa = PBXBuildFile; fileRef = A5D0BBAA18F4D6D00051328E /* MediaPlayer.framework */; };
		A5D0BBAD18F4D6E50051328E /* SystemConfiguration.framework in Frameworks */ = {isa = PBXBuildFile; fileRef = A5D0BBAC18F4D6E50051328E /* SystemConfiguration.framework */; };
		A5D0BBAF18F4D6F10051328E /* CoreAudio.framework in Frameworks */ = {isa = PBXBuildFile; fileRef = A5D0BBAE18F4D6F10051328E /* CoreAudio.framework */; };
		A5D0BBB118F4D71C0051328E /* AudioToolbox.framework in Frameworks */ = {isa = PBXBuildFile; fileRef = A5D0BBB018F4D71C0051328E /* AudioToolbox.framework */; };
		A5D0BBB318F4D73E0051328E /* AVFoundation.framework in Frameworks */ = {isa = PBXBuildFile; fileRef = A5D0BBB218F4D73E0051328E /* AVFoundation.framework */; };
		A5D0BBB718F4D75A0051328E /* CFNetwork.framework in Frameworks */ = {isa = PBXBuildFile; fileRef = A5D0BBB618F4D75A0051328E /* CFNetwork.framework */; };
		A5D0BBC118F4D7AB0051328E /* UIKit.framework in Frameworks */ = {isa = PBXBuildFile; fileRef = A5D0BBC018F4D7AB0051328E /* UIKit.framework */; };
		A5D0CAC118F501340051328E /* timeanalyze.c in Sources */ = {isa = PBXBuildFile; fileRef = A5D0C97818F501330051328E /* timeanalyze.c */; };
		A5D0D27918F52FA30051328E /* UCSPublicFunc.m in Sources */ = {isa = PBXBuildFile; fileRef = A5D0D27818F52FA30051328E /* UCSPublicFunc.m */; };
		A5D8F0CB18FF84F900EC8957 /* UCSHttpRequest.m in Sources */ = {isa = PBXBuildFile; fileRef = A5D8F0CA18FF84F900EC8957 /* UCSHttpRequest.m */; };
		A5DD49641A00DB5200A64CCA /* UCSQualityRequestManager.m in Sources */ = {isa = PBXBuildFile; fileRef = A5DD49631A00DB5200A64CCA /* UCSQualityRequestManager.m */; };
		A5DD49721A01F62200A64CCA /* ioapi.c in Sources */ = {isa = PBXBuildFile; fileRef = A5DD49681A01F62200A64CCA /* ioapi.c */; };
		A5DD49731A01F62200A64CCA /* mztools.c in Sources */ = {isa = PBXBuildFile; fileRef = A5DD496A1A01F62200A64CCA /* mztools.c */; };
		A5DD49741A01F62200A64CCA /* unzip.c in Sources */ = {isa = PBXBuildFile; fileRef = A5DD496C1A01F62200A64CCA /* unzip.c */; };
		A5DD49751A01F62200A64CCA /* zip.c in Sources */ = {isa = PBXBuildFile; fileRef = A5DD496E1A01F62200A64CCA /* zip.c */; };
		A5DD49791A022B0400A64CCA /* CallLogManager.mm in Sources */ = {isa = PBXBuildFile; fileRef = A5DD49781A022B0400A64CCA /* CallLogManager.mm */; };
		A5FBD8E7192AFA5200585E00 /* UCSReason.m in Sources */ = {isa = PBXBuildFile; fileRef = A5FBD8E6192AFA5200585E00 /* UCSReason.m */; };
/* End PBXBuildFile section */

/* Begin PBXCopyFilesBuildPhase section */
		A543ABAA18ED747100F16CA9 /* CopyFiles */ = {
			isa = PBXCopyFilesBuildPhase;
			buildActionMask = 2147483647;
			dstPath = "include/$(PRODUCT_NAME)";
			dstSubfolderSpec = 16;
			files = (
				A543ABE018ED75A900F16CA9 /* KCTEvent.h in CopyFiles */,
				A543ABE118ED75A900F16CA9 /* KCTService.h in CopyFiles */,
				A543ABE218ED75A900F16CA9 /* KCTCommonClass.h in CopyFiles */,
			);
			runOnlyForDeploymentPostprocessing = 0;
		};
/* End PBXCopyFilesBuildPhase section */

/* Begin PBXFileReference section */
		2A1297C71AFA07C50057C229 /* ucsvideosdk-Prefix.pch */ = {isa = PBXFileReference; lastKnownFileType = sourcecode.c.h; path = "ucsvideosdk-Prefix.pch"; sourceTree = "<group>"; };
		2A5251D51CFFD0F000D33511 /* UCSOpenUDID.h */ = {isa = PBXFileReference; fileEncoding = 4; lastKnownFileType = sourcecode.c.h; path = UCSOpenUDID.h; sourceTree = "<group>"; };
		2A5251D61CFFD0F000D33511 /* UCSOpenUDID.m */ = {isa = PBXFileReference; fileEncoding = 4; lastKnownFileType = sourcecode.c.objc; path = UCSOpenUDID.m; sourceTree = "<group>"; };
		2A5FEED31CE5D4FD006D572E /* UCSVoipCommonFunc.h */ = {isa = PBXFileReference; fileEncoding = 4; lastKnownFileType = sourcecode.c.h; path = UCSVoipCommonFunc.h; sourceTree = "<group>"; };
		2A5FEED41CE5D4FD006D572E /* UCSVoipCommonFunc.m */ = {isa = PBXFileReference; fileEncoding = 4; lastKnownFileType = sourcecode.c.objc; path = UCSVoipCommonFunc.m; sourceTree = "<group>"; };
		2A6670E61B66166900B1BA1F /* UCSExceptionHandler.h */ = {isa = PBXFileReference; fileEncoding = 4; lastKnownFileType = sourcecode.c.h; path = UCSExceptionHandler.h; sourceTree = "<group>"; };
		2A6670E71B66166900B1BA1F /* UCSExceptionHandler.m */ = {isa = PBXFileReference; fileEncoding = 4; lastKnownFileType = sourcecode.c.objc; path = UCSExceptionHandler.m; sourceTree = "<group>"; };
		2A8B3A0D1D0524C8009FF3BE /* UCSVoipZipArchive.h */ = {isa = PBXFileReference; fileEncoding = 4; lastKnownFileType = sourcecode.c.h; path = UCSVoipZipArchive.h; sourceTree = "<group>"; };
		2A8B3A0E1D0524C8009FF3BE /* UCSVoipZipArchive.mm */ = {isa = PBXFileReference; fileEncoding = 4; lastKnownFileType = sourcecode.cpp.objcpp; path = UCSVoipZipArchive.mm; sourceTree = "<group>"; };
		2AB469181CD9F6F6003A4F79 /* KCTCommonClass.strings */ = {isa = PBXFileReference; fileEncoding = 4; lastKnownFileType = text.plist.strings; path = KCTCommonClass.strings; sourceTree = "<group>"; };
		2AB469191CD9F6F6003A4F79 /* KCTEvent.strings */ = {isa = PBXFileReference; fileEncoding = 4; lastKnownFileType = text.plist.strings; path = KCTEvent.strings; sourceTree = "<group>"; };
		2AB4691A1CD9F6F6003A4F79 /* KCTService.strings */ = {isa = PBXFileReference; fileEncoding = 4; lastKnownFileType = text.plist.strings; path = KCTService.strings; sourceTree = "<group>"; };
		2AB95EB81C3FB8FD008E91F3 /* ugo_comm.h */ = {isa = PBXFileReference; fileEncoding = 4; lastKnownFileType = sourcecode.c.h; path = ugo_comm.h; sourceTree = "<group>"; };
		2AB95EB91C3FDE87008E91F3 /* UCSRecordRequestManager.h */ = {isa = PBXFileReference; fileEncoding = 4; lastKnownFileType = sourcecode.c.h; path = UCSRecordRequestManager.h; sourceTree = "<group>"; };
		2AB95EBA1C3FDE87008E91F3 /* UCSRecordRequestManager.m */ = {isa = PBXFileReference; fileEncoding = 4; lastKnownFileType = sourcecode.c.objc; path = UCSRecordRequestManager.m; sourceTree = "<group>"; };
		2ABE5F3F1C76C81C0042A622 /* KCTMessageFrame.h */ = {isa = PBXFileReference; fileEncoding = 4; lastKnownFileType = sourcecode.c.h; name = KCTMessageFrame.h; path = ../../../UCS_TCP_SDK/ucstcplib/Tcp/KCTMessageFrame.h; sourceTree = "<group>"; };
		2ABE5F411C76C8380042A622 /* KCTProtocolClass.h */ = {isa = PBXFileReference; fileEncoding = 4; lastKnownFileType = sourcecode.c.h; name = KCTProtocolClass.h; path = ../../../UCS_TCP_SDK/ucstcplib/Protocol/KCTProtocolClass.h; sourceTree = "<group>"; };
		2AF3D68E1B4E539E00EF9D33 /* amr_interface.h */ = {isa = PBXFileReference; fileEncoding = 4; lastKnownFileType = sourcecode.c.h; path = amr_interface.h; sourceTree = "<group>"; };
		2AF3D68F1B4E539E00EF9D33 /* Config.h */ = {isa = PBXFileReference; fileEncoding = 4; lastKnownFileType = sourcecode.c.h; path = Config.h; sourceTree = "<group>"; };
		2AF3D6901B4E539E00EF9D33 /* MediaEngineInterface.h */ = {isa = PBXFileReference; fileEncoding = 4; lastKnownFileType = sourcecode.c.h; path = MediaEngineInterface.h; sourceTree = "<group>"; };
		2AF3D6911B4E539E00EF9D33 /* SoftphoneManager.h */ = {isa = PBXFileReference; fileEncoding = 4; lastKnownFileType = sourcecode.c.h; path = SoftphoneManager.h; sourceTree = "<group>"; };
		2AF3D6921B4E539E00EF9D33 /* SoftphoneManager.mm */ = {isa = PBXFileReference; fileEncoding = 4; lastKnownFileType = sourcecode.cpp.objcpp; path = SoftphoneManager.mm; sourceTree = "<group>"; };
		2AF3D6931B4E539E00EF9D33 /* SoftphoneUIDelegates.h */ = {isa = PBXFileReference; fileEncoding = 4; lastKnownFileType = sourcecode.c.h; path = SoftphoneUIDelegates.h; sourceTree = "<group>"; };
		2AF3D6941B4E539E00EF9D33 /* typedef.h */ = {isa = PBXFileReference; fileEncoding = 4; lastKnownFileType = sourcecode.c.h; path = typedef.h; sourceTree = "<group>"; };
		2AF3D6951B4E539E00EF9D33 /* ugo.h */ = {isa = PBXFileReference; fileEncoding = 4; lastKnownFileType = sourcecode.c.h; path = ugo.h; sourceTree = "<group>"; };
		2AF3D6961B4E539E00EF9D33 /* VideoView.h */ = {isa = PBXFileReference; fileEncoding = 4; lastKnownFileType = sourcecode.c.h; path = VideoView.h; sourceTree = "<group>"; };
		2AF3D6971B4E539E00EF9D33 /* ViGoEngine.h */ = {isa = PBXFileReference; fileEncoding = 4; lastKnownFileType = sourcecode.c.h; path = ViGoEngine.h; sourceTree = "<group>"; };
		2AFDDF651CA1243C00D349CA /* KeyChain.h */ = {isa = PBXFileReference; fileEncoding = 4; lastKnownFileType = sourcecode.c.h; path = KeyChain.h; sourceTree = "<group>"; };
		2AFDDF661CA1243C00D349CA /* KeyChain.m */ = {isa = PBXFileReference; fileEncoding = 4; lastKnownFileType = sourcecode.c.objc; path = KeyChain.m; sourceTree = "<group>"; };
		2AFDDF681CA1541F00D349CA /* UXinSoundManager.h */ = {isa = PBXFileReference; fileEncoding = 4; lastKnownFileType = sourcecode.c.h; path = UXinSoundManager.h; sourceTree = "<group>"; };
		2AFDDF691CA1541F00D349CA /* UXinSoundManager.m */ = {isa = PBXFileReference; fileEncoding = 4; lastKnownFileType = sourcecode.c.objc; path = UXinSoundManager.m; sourceTree = "<group>"; };
		3BA8F0151A79D33800C0169C /* SDKLogManager.h */ = {isa = PBXFileReference; fileEncoding = 4; lastKnownFileType = sourcecode.c.h; path = SDKLogManager.h; sourceTree = "<group>"; };
		3BA8F0161A79D33800C0169C /* SDKLogManager.m */ = {isa = PBXFileReference; fileEncoding = 4; lastKnownFileType = sourcecode.c.objc; path = SDKLogManager.m; sourceTree = "<group>"; };
		5A004D911E1C97DB009BCB4C /* NuBSON.h */ = {isa = PBXFileReference; fileEncoding = 4; lastKnownFileType = sourcecode.c.h; path = NuBSON.h; sourceTree = "<group>"; };
		5A21F0DF1EE160E8004F6824 /* ugo-Mac-lib.a */ = {isa = PBXFileReference; lastKnownFileType = archive.ar; path = "ugo-Mac-lib.a"; sourceTree = "<group>"; };
		5A21F0E01EE160E8004F6824 /* vigo-Mac.a */ = {isa = PBXFileReference; lastKnownFileType = archive.ar; path = "vigo-Mac.a"; sourceTree = "<group>"; };
		5A49532C1E49CF8800073A56 /* GCDAsyncUdpSocket.h */ = {isa = PBXFileReference; fileEncoding = 4; lastKnownFileType = sourcecode.c.h; path = GCDAsyncUdpSocket.h; sourceTree = "<group>"; };
		5A49532D1E49CF8800073A56 /* GCDAsyncUdpSocket.m */ = {isa = PBXFileReference; fileEncoding = 4; lastKnownFileType = sourcecode.c.objc; path = GCDAsyncUdpSocket.m; sourceTree = "<group>"; };
		5A81E8B21EDE5D7800C3F6FB /* MacVideoView.h */ = {isa = PBXFileReference; fileEncoding = 4; lastKnownFileType = sourcecode.c.h; path = MacVideoView.h; sourceTree = "<group>"; };
		5ABE93E91E08DAB800A06E6E /* KCTError.h */ = {isa = PBXFileReference; fileEncoding = 4; lastKnownFileType = sourcecode.c.h; path = KCTError.h; sourceTree = "<group>"; };
		5ABE93EA1E08DAB800A06E6E /* KCTTCPSDK.h */ = {isa = PBXFileReference; fileEncoding = 4; lastKnownFileType = sourcecode.c.h; path = KCTTCPSDK.h; sourceTree = "<group>"; };
		5ABE93EB1E08DAD900A06E6E /* KCTTcpClient.h */ = {isa = PBXFileReference; fileEncoding = 4; lastKnownFileType = sourcecode.c.h; path = KCTTcpClient.h; sourceTree = "<group>"; };
		5ABE93EC1E08DAEE00A06E6E /* KCTTcpDefine.h */ = {isa = PBXFileReference; fileEncoding = 4; lastKnownFileType = sourcecode.c.h; path = KCTTcpDefine.h; sourceTree = "<group>"; };
		5ABE93ED1E08DBD100A06E6E /* KCTTCPCommonClass.h */ = {isa = PBXFileReference; fileEncoding = 4; lastKnownFileType = sourcecode.c.h; path = KCTTCPCommonClass.h; sourceTree = "<group>"; };
		5ABE93EE1E08DC1400A06E6E /* KCTTCPDelegateBase.h */ = {isa = PBXFileReference; fileEncoding = 4; lastKnownFileType = sourcecode.c.h; path = KCTTCPDelegateBase.h; sourceTree = "<group>"; };
		5ACCED1E1E2E0F930093A8D5 /* libTcp.a */ = {isa = PBXFileReference; lastKnownFileType = archive.ar; name = libTcp.a; path = "../../../../../../Library/Developer/Xcode/DerivedData/UCS_IM&VoIP_Demo-bwzmcbxxwbnzadfjdieqeqlcqiiu/Build/Products/Release-iphoneos/libTcp.a"; sourceTree = "<group>"; };
		9AA313961C44D7E2009ED5E8 /* UCSVoipCatchExceptionHandler.m */ = {isa = PBXFileReference; fileEncoding = 4; lastKnownFileType = sourcecode.c.objc; path = UCSVoipCatchExceptionHandler.m; sourceTree = "<group>"; };
		9AA313971C44D7E2009ED5E8 /* UCSVoipCatchExceptionHandler.h */ = {isa = PBXFileReference; fileEncoding = 4; lastKnownFileType = sourcecode.c.h; path = UCSVoipCatchExceptionHandler.h; sourceTree = "<group>"; };
		9AA313991C44E521009ED5E8 /* UCSCrashLogRequestManager.h */ = {isa = PBXFileReference; fileEncoding = 4; lastKnownFileType = sourcecode.c.h; path = UCSCrashLogRequestManager.h; sourceTree = "<group>"; };
		9AA3139A1C44E521009ED5E8 /* UCSCrashLogRequestManager.m */ = {isa = PBXFileReference; fileEncoding = 4; lastKnownFileType = sourcecode.c.objc; path = UCSCrashLogRequestManager.m; sourceTree = "<group>"; };
		9AD5B04B1C4603760098FDAA /* UCSConLogRequestManager.h */ = {isa = PBXFileReference; fileEncoding = 4; lastKnownFileType = sourcecode.c.h; path = UCSConLogRequestManager.h; sourceTree = "<group>"; };
		9AD5B04C1C4603760098FDAA /* UCSConLogRequestManager.m */ = {isa = PBXFileReference; fileEncoding = 4; lastKnownFileType = sourcecode.c.objc; path = UCSConLogRequestManager.m; sourceTree = "<group>"; };
		A50D80981929AE680015B689 /* UCSCallingHttpRequest.h */ = {isa = PBXFileReference; fileEncoding = 4; lastKnownFileType = sourcecode.c.h; path = UCSCallingHttpRequest.h; sourceTree = "<group>"; };
		A50D80991929AE680015B689 /* UCSCallingHttpRequest.m */ = {isa = PBXFileReference; fileEncoding = 4; lastKnownFileType = sourcecode.c.objc; path = UCSCallingHttpRequest.m; sourceTree = "<group>"; wrapsLines = 0; };
		A543ABAC18ED747100F16CA9 /* libVideo.a */ = {isa = PBXFileReference; explicitFileType = archive.ar; includeInIndex = 0; path = libVideo.a; sourceTree = BUILT_PRODUCTS_DIR; };
		A543ABAF18ED747100F16CA9 /* Foundation.framework */ = {isa = PBXFileReference; lastKnownFileType = wrapper.framework; name = Foundation.framework; path = System/Library/Frameworks/Foundation.framework; sourceTree = SDKROOT; };
		A543ABBD18ED747100F16CA9 /* XCTest.framework */ = {isa = PBXFileReference; lastKnownFileType = wrapper.framework; name = XCTest.framework; path = Library/Frameworks/XCTest.framework; sourceTree = DEVELOPER_DIR; };
		A543ABD918ED758D00F16CA9 /* KCTEvent.h */ = {isa = PBXFileReference; fileEncoding = 4; lastKnownFileType = sourcecode.c.h; path = KCTEvent.h; sourceTree = "<group>"; };
		A543ABDA18ED758D00F16CA9 /* KCTService.h */ = {isa = PBXFileReference; fileEncoding = 4; lastKnownFileType = sourcecode.c.h; path = KCTService.h; sourceTree = "<group>"; };
		A543ABDB18ED758D00F16CA9 /* KCTService.m */ = {isa = PBXFileReference; explicitFileType = sourcecode.cpp.objcpp; fileEncoding = 4; path = KCTService.m; sourceTree = "<group>"; };
		A543ABDC18ED758D00F16CA9 /* KCTCommonClass.h */ = {isa = PBXFileReference; fileEncoding = 4; lastKnownFileType = sourcecode.c.h; path = KCTCommonClass.h; sourceTree = "<group>"; };
		A543ABDD18ED758D00F16CA9 /* KCTCommonClass.m */ = {isa = PBXFileReference; fileEncoding = 4; lastKnownFileType = sourcecode.c.objc; path = KCTCommonClass.m; sourceTree = "<group>"; };
		A56221F7194EA2AD00F592A6 /* UCSNetStaticInterface.h */ = {isa = PBXFileReference; fileEncoding = 4; lastKnownFileType = sourcecode.c.h; path = UCSNetStaticInterface.h; sourceTree = "<group>"; };
		A56221F8194EA2AD00F592A6 /* UCSNetStaticInterface.m */ = {isa = PBXFileReference; fileEncoding = 4; lastKnownFileType = sourcecode.c.objc; path = UCSNetStaticInterface.m; sourceTree = "<group>"; };
		A569A3741977902300C26013 /* libstdc++.6.dylib */ = {isa = PBXFileReference; lastKnownFileType = "compiled.mach-o.dylib"; name = "libstdc++.6.dylib"; path = "usr/lib/libstdc++.6.dylib"; sourceTree = SDKROOT; };
		A585BE39197FB05200F47228 /* SecurityURLAdaptor.h */ = {isa = PBXFileReference; fileEncoding = 4; lastKnownFileType = sourcecode.c.h; path = SecurityURLAdaptor.h; sourceTree = "<group>"; };
		A585BE3A197FB05200F47228 /* SecurityURLAdaptor.m */ = {isa = PBXFileReference; fileEncoding = 4; lastKnownFileType = sourcecode.c.objc; path = SecurityURLAdaptor.m; sourceTree = "<group>"; };
		A585BE3C197FB05200F47228 /* rc4.h */ = {isa = PBXFileReference; fileEncoding = 4; lastKnownFileType = sourcecode.c.h; path = rc4.h; sourceTree = "<group>"; };
		A585BE3D197FB05200F47228 /* SHA1.h */ = {isa = PBXFileReference; fileEncoding = 4; lastKnownFileType = sourcecode.c.h; path = SHA1.h; sourceTree = "<group>"; };
		A585BE3E197FB05200F47228 /* Signature.c */ = {isa = PBXFileReference; fileEncoding = 4; lastKnownFileType = sourcecode.c.c; path = Signature.c; sourceTree = "<group>"; };
		A585BE3F197FB05200F47228 /* Signature.h */ = {isa = PBXFileReference; fileEncoding = 4; lastKnownFileType = sourcecode.c.h; path = Signature.h; sourceTree = "<group>"; };
		A585BF14197FB05200F47228 /* GTMDefines.h */ = {isa = PBXFileReference; fileEncoding = 4; lastKnownFileType = sourcecode.c.h; path = GTMDefines.h; sourceTree = "<group>"; };
		A585BF15197FB05200F47228 /* uxinbase64.h */ = {isa = PBXFileReference; fileEncoding = 4; lastKnownFileType = sourcecode.c.h; path = uxinbase64.h; sourceTree = "<group>"; };
		A585BF16197FB05200F47228 /* uxinbase64.m */ = {isa = PBXFileReference; fileEncoding = 4; lastKnownFileType = sourcecode.c.objc; path = uxinbase64.m; sourceTree = "<group>"; };
		A585BF17197FB05200F47228 /* UxinGTMBase64.h */ = {isa = PBXFileReference; fileEncoding = 4; lastKnownFileType = sourcecode.c.h; path = UxinGTMBase64.h; sourceTree = "<group>"; };
		A585BF18197FB05200F47228 /* UxinGTMBase64.m */ = {isa = PBXFileReference; fileEncoding = 4; lastKnownFileType = sourcecode.c.objc; path = UxinGTMBase64.m; sourceTree = "<group>"; };
		A585BF44197FB05200F47228 /* Utility.h */ = {isa = PBXFileReference; fileEncoding = 4; lastKnownFileType = sourcecode.c.h; path = Utility.h; sourceTree = "<group>"; };
		A585BF45197FB05200F47228 /* Utility.m */ = {isa = PBXFileReference; fileEncoding = 4; lastKnownFileType = sourcecode.c.objc; path = Utility.m; sourceTree = "<group>"; };
		A585BF5A197FB05300F47228 /* UCSASICacheDelegate.h */ = {isa = PBXFileReference; fileEncoding = 4; lastKnownFileType = sourcecode.c.h; path = UCSASICacheDelegate.h; sourceTree = "<group>"; };
		A585BF5B197FB05300F47228 /* UCSASIDataCompressor.h */ = {isa = PBXFileReference; fileEncoding = 4; lastKnownFileType = sourcecode.c.h; path = UCSASIDataCompressor.h; sourceTree = "<group>"; };
		A585BF5C197FB05300F47228 /* UCSASIDataCompressor.m */ = {isa = PBXFileReference; fileEncoding = 4; lastKnownFileType = sourcecode.c.objc; path = UCSASIDataCompressor.m; sourceTree = "<group>"; };
		A585BF5D197FB05300F47228 /* UCSASIDataDecompressor.h */ = {isa = PBXFileReference; fileEncoding = 4; lastKnownFileType = sourcecode.c.h; path = UCSASIDataDecompressor.h; sourceTree = "<group>"; };
		A585BF5E197FB05300F47228 /* UCSASIDataDecompressor.m */ = {isa = PBXFileReference; fileEncoding = 4; lastKnownFileType = sourcecode.c.objc; path = UCSASIDataDecompressor.m; sourceTree = "<group>"; };
		A585BF5F197FB05300F47228 /* UCSASIDownloadCache.h */ = {isa = PBXFileReference; fileEncoding = 4; lastKnownFileType = sourcecode.c.h; path = UCSASIDownloadCache.h; sourceTree = "<group>"; };
		A585BF60197FB05300F47228 /* UCSASIDownloadCache.m */ = {isa = PBXFileReference; fileEncoding = 4; lastKnownFileType = sourcecode.c.objc; path = UCSASIDownloadCache.m; sourceTree = "<group>"; };
		A585BF61197FB05300F47228 /* UCSASIFormDataRequest.h */ = {isa = PBXFileReference; fileEncoding = 4; lastKnownFileType = sourcecode.c.h; path = UCSASIFormDataRequest.h; sourceTree = "<group>"; };
		A585BF62197FB05300F47228 /* UCSASIFormDataRequest.m */ = {isa = PBXFileReference; fileEncoding = 4; lastKnownFileType = sourcecode.c.objc; path = UCSASIFormDataRequest.m; sourceTree = "<group>"; };
		A585BF63197FB05300F47228 /* UCSASIHTTPRequest.h */ = {isa = PBXFileReference; fileEncoding = 4; lastKnownFileType = sourcecode.c.h; path = UCSASIHTTPRequest.h; sourceTree = "<group>"; };
		A585BF64197FB05300F47228 /* UCSASIHTTPRequest.m */ = {isa = PBXFileReference; fileEncoding = 4; lastKnownFileType = sourcecode.c.objc; path = UCSASIHTTPRequest.m; sourceTree = "<group>"; };
		A585BF65197FB05300F47228 /* UCSASIHTTPRequestConfig.h */ = {isa = PBXFileReference; fileEncoding = 4; lastKnownFileType = sourcecode.c.h; path = UCSASIHTTPRequestConfig.h; sourceTree = "<group>"; };
		A585BF66197FB05300F47228 /* UCSASIHTTPRequestDelegate.h */ = {isa = PBXFileReference; fileEncoding = 4; lastKnownFileType = sourcecode.c.h; path = UCSASIHTTPRequestDelegate.h; sourceTree = "<group>"; };
		A585BF67197FB05300F47228 /* UCSASIInputStream.h */ = {isa = PBXFileReference; fileEncoding = 4; lastKnownFileType = sourcecode.c.h; path = UCSASIInputStream.h; sourceTree = "<group>"; };
		A585BF68197FB05300F47228 /* UCSASIInputStream.m */ = {isa = PBXFileReference; fileEncoding = 4; lastKnownFileType = sourcecode.c.objc; path = UCSASIInputStream.m; sourceTree = "<group>"; };
		A585BF69197FB05300F47228 /* UCSASINetworkQueue.h */ = {isa = PBXFileReference; fileEncoding = 4; lastKnownFileType = sourcecode.c.h; path = UCSASINetworkQueue.h; sourceTree = "<group>"; };
		A585BF6A197FB05300F47228 /* UCSASINetworkQueue.m */ = {isa = PBXFileReference; fileEncoding = 4; lastKnownFileType = sourcecode.c.objc; path = UCSASINetworkQueue.m; sourceTree = "<group>"; };
		A585BF6B197FB05300F47228 /* UCSASIProgressDelegate.h */ = {isa = PBXFileReference; fileEncoding = 4; lastKnownFileType = sourcecode.c.h; path = UCSASIProgressDelegate.h; sourceTree = "<group>"; };
		A585C094197FB28F00F47228 /* PublicFunc.h */ = {isa = PBXFileReference; fileEncoding = 4; lastKnownFileType = sourcecode.c.h; path = PublicFunc.h; sourceTree = "<group>"; };
		A585C095197FB28F00F47228 /* PublicFunc.m */ = {isa = PBXFileReference; fileEncoding = 4; lastKnownFileType = sourcecode.c.objc; path = PublicFunc.m; sourceTree = "<group>"; };
		A585C0A6197FB28F00F47228 /* UXLogging.h */ = {isa = PBXFileReference; fileEncoding = 4; lastKnownFileType = sourcecode.c.h; path = UXLogging.h; sourceTree = "<group>"; };
		A585C0A7197FB28F00F47228 /* UXLogging.m */ = {isa = PBXFileReference; fileEncoding = 4; lastKnownFileType = sourcecode.c.objc; path = UXLogging.m; sourceTree = "<group>"; };
		A585C0BC197FB35600F47228 /* UserKeyChainManager.h */ = {isa = PBXFileReference; fileEncoding = 4; lastKnownFileType = sourcecode.c.h; path = UserKeyChainManager.h; sourceTree = "<group>"; };
		A585C0BD197FB35600F47228 /* UserKeyChainManager.m */ = {isa = PBXFileReference; fileEncoding = 4; lastKnownFileType = sourcecode.c.objc; path = UserKeyChainManager.m; sourceTree = "<group>"; };
		A585C0BF197FB38000F47228 /* UserDefaultManager.h */ = {isa = PBXFileReference; fileEncoding = 4; lastKnownFileType = sourcecode.c.h; path = UserDefaultManager.h; sourceTree = "<group>"; };
		A585C0C0197FB38000F47228 /* UserDefaultManager.m */ = {isa = PBXFileReference; fileEncoding = 4; lastKnownFileType = sourcecode.c.objc; path = UserDefaultManager.m; sourceTree = "<group>"; };
		A585C0D4197FBE8300F47228 /* CustomUDPListPing.h */ = {isa = PBXFileReference; fileEncoding = 4; lastKnownFileType = sourcecode.c.h; path = CustomUDPListPing.h; sourceTree = "<group>"; };
		A585C0D5197FBE8300F47228 /* CustomUDPListPing.m */ = {isa = PBXFileReference; fileEncoding = 4; lastKnownFileType = sourcecode.c.objc; path = CustomUDPListPing.m; sourceTree = "<group>"; };
		A5A15CE1199A0E1300DD45D0 /* NSDataEx.h */ = {isa = PBXFileReference; fileEncoding = 4; lastKnownFileType = sourcecode.c.h; path = NSDataEx.h; sourceTree = "<group>"; };
		A5A15CE2199A0E1300DD45D0 /* NSDataEx.m */ = {isa = PBXFileReference; fileEncoding = 4; lastKnownFileType = sourcecode.c.objc; path = NSDataEx.m; sourceTree = "<group>"; };
		A5B1DA6619FA06BB0052A58A /* UCSStatiRequestManager.h */ = {isa = PBXFileReference; fileEncoding = 4; lastKnownFileType = sourcecode.c.h; path = UCSStatiRequestManager.h; sourceTree = "<group>"; };
		A5B1DA6719FA06BB0052A58A /* UCSStatiRequestManager.m */ = {isa = PBXFileReference; fileEncoding = 4; lastKnownFileType = sourcecode.c.objc; path = UCSStatiRequestManager.m; sourceTree = "<group>"; };
		A5B1DA6919FA06BB0052A58A /* UCSStatisticalHelp.h */ = {isa = PBXFileReference; fileEncoding = 4; lastKnownFileType = sourcecode.c.h; path = UCSStatisticalHelp.h; sourceTree = "<group>"; };
		A5B1DA6A19FA06BB0052A58A /* UCSStatisticalHelp.m */ = {isa = PBXFileReference; fileEncoding = 4; lastKnownFileType = sourcecode.c.objc; path = UCSStatisticalHelp.m; sourceTree = "<group>"; };
		A5B1DA6C19FA06BB0052A58A /* UIDevice+IOKit_Extensions.h */ = {isa = PBXFileReference; fileEncoding = 4; lastKnownFileType = sourcecode.c.h; path = "UIDevice+IOKit_Extensions.h"; sourceTree = "<group>"; };
		A5B1DA6D19FA06BB0052A58A /* UIDevice+IOKit_Extensions.m */ = {isa = PBXFileReference; fileEncoding = 4; lastKnownFileType = sourcecode.c.objc; path = "UIDevice+IOKit_Extensions.m"; sourceTree = "<group>"; };
		A5B692C518FE13C200898C41 /* UCSTCPClientManager.h */ = {isa = PBXFileReference; fileEncoding = 4; lastKnownFileType = sourcecode.c.h; path = UCSTCPClientManager.h; sourceTree = "<group>"; };
		A5B692C618FE13C200898C41 /* UCSTCPClientManager.m */ = {isa = PBXFileReference; fileEncoding = 4; lastKnownFileType = sourcecode.c.objc; path = UCSTCPClientManager.m; sourceTree = "<group>"; };
		A5B692CA18FE9FD800898C41 /* UCSDialViewController.h */ = {isa = PBXFileReference; fileEncoding = 4; lastKnownFileType = sourcecode.c.h; path = UCSDialViewController.h; sourceTree = "<group>"; };
		A5B692CB18FE9FD800898C41 /* UCSDialViewController.mm */ = {isa = PBXFileReference; fileEncoding = 4; lastKnownFileType = sourcecode.cpp.objcpp; path = UCSDialViewController.mm; sourceTree = "<group>"; };
		A5C21E261A0771B200796F35 /* UCSCPSManager.m */ = {isa = PBXFileReference; fileEncoding = 4; lastKnownFileType = sourcecode.c.objc; path = UCSCPSManager.m; sourceTree = "<group>"; };
		A5D0BB8E18F4D60B0051328E /* libxml2.dylib */ = {isa = PBXFileReference; lastKnownFileType = "compiled.mach-o.dylib"; name = libxml2.dylib; path = usr/lib/libxml2.dylib; sourceTree = SDKROOT; };
		A5D0BB9018F4D6180051328E /* EventKit.framework */ = {isa = PBXFileReference; lastKnownFileType = wrapper.framework; name = EventKit.framework; path = System/Library/Frameworks/EventKit.framework; sourceTree = SDKROOT; };
		A5D0BB9418F4D62D0051328E /* libstdc++.dylib */ = {isa = PBXFileReference; lastKnownFileType = "compiled.mach-o.dylib"; name = "libstdc++.dylib"; path = "usr/lib/libstdc++.dylib"; sourceTree = SDKROOT; };
		A5D0BB9818F4D6440051328E /* libz.1.2.5.dylib */ = {isa = PBXFileReference; lastKnownFileType = "compiled.mach-o.dylib"; name = libz.1.2.5.dylib; path = usr/lib/libz.1.2.5.dylib; sourceTree = SDKROOT; };
		A5D0BBA218F4D6950051328E /* Security.framework */ = {isa = PBXFileReference; lastKnownFileType = wrapper.framework; name = Security.framework; path = System/Library/Frameworks/Security.framework; sourceTree = SDKROOT; };
		A5D0BBA418F4D69E0051328E /* CoreMedia.framework */ = {isa = PBXFileReference; lastKnownFileType = wrapper.framework; name = CoreMedia.framework; path = System/Library/Frameworks/CoreMedia.framework; sourceTree = SDKROOT; };
		A5D0BBA618F4D6AA0051328E /* CoreVideo.framework */ = {isa = PBXFileReference; lastKnownFileType = wrapper.framework; name = CoreVideo.framework; path = System/Library/Frameworks/CoreVideo.framework; sourceTree = SDKROOT; };
		A5D0BBAA18F4D6D00051328E /* MediaPlayer.framework */ = {isa = PBXFileReference; lastKnownFileType = wrapper.framework; name = MediaPlayer.framework; path = System/Library/Frameworks/MediaPlayer.framework; sourceTree = SDKROOT; };
		A5D0BBAC18F4D6E50051328E /* SystemConfiguration.framework */ = {isa = PBXFileReference; lastKnownFileType = wrapper.framework; name = SystemConfiguration.framework; path = System/Library/Frameworks/SystemConfiguration.framework; sourceTree = SDKROOT; };
		A5D0BBAE18F4D6F10051328E /* CoreAudio.framework */ = {isa = PBXFileReference; lastKnownFileType = wrapper.framework; name = CoreAudio.framework; path = System/Library/Frameworks/CoreAudio.framework; sourceTree = SDKROOT; };
		A5D0BBB018F4D71C0051328E /* AudioToolbox.framework */ = {isa = PBXFileReference; lastKnownFileType = wrapper.framework; name = AudioToolbox.framework; path = System/Library/Frameworks/AudioToolbox.framework; sourceTree = SDKROOT; };
		A5D0BBB218F4D73E0051328E /* AVFoundation.framework */ = {isa = PBXFileReference; lastKnownFileType = wrapper.framework; name = AVFoundation.framework; path = System/Library/Frameworks/AVFoundation.framework; sourceTree = SDKROOT; };
		A5D0BBB418F4D7500051328E /* libresolv.dylib */ = {isa = PBXFileReference; lastKnownFileType = "compiled.mach-o.dylib"; name = libresolv.dylib; path = usr/lib/libresolv.dylib; sourceTree = SDKROOT; };
		A5D0BBB618F4D75A0051328E /* CFNetwork.framework */ = {isa = PBXFileReference; lastKnownFileType = wrapper.framework; name = CFNetwork.framework; path = System/Library/Frameworks/CFNetwork.framework; sourceTree = SDKROOT; };
		A5D0BBC018F4D7AB0051328E /* UIKit.framework */ = {isa = PBXFileReference; lastKnownFileType = wrapper.framework; name = UIKit.framework; path = System/Library/Frameworks/UIKit.framework; sourceTree = SDKROOT; };
		A5D0BBC618F4D7DC0051328E /* libicucore.dylib */ = {isa = PBXFileReference; lastKnownFileType = "compiled.mach-o.dylib"; name = libicucore.dylib; path = usr/lib/libicucore.dylib; sourceTree = SDKROOT; };
		A5D0BBC818F4D8130051328E /* libsqlite3.dylib */ = {isa = PBXFileReference; lastKnownFileType = "compiled.mach-o.dylib"; name = libsqlite3.dylib; path = usr/lib/libsqlite3.dylib; sourceTree = SDKROOT; };
		A5D0C31318F4E86E0051328E /* UCSPublicDef.h */ = {isa = PBXFileReference; fileEncoding = 4; lastKnownFileType = sourcecode.c.h; path = UCSPublicDef.h; sourceTree = "<group>"; };
		A5D0C97618F501330051328E /* InfoPlist.strings */ = {isa = PBXFileReference; fileEncoding = 4; lastKnownFileType = text.plist.strings; path = InfoPlist.strings; sourceTree = "<group>"; };
		A5D0C97818F501330051328E /* timeanalyze.c */ = {isa = PBXFileReference; fileEncoding = 4; lastKnownFileType = sourcecode.c.c; path = timeanalyze.c; sourceTree = "<group>"; };
		A5D0C97918F501330051328E /* timeanalyze.h */ = {isa = PBXFileReference; fileEncoding = 4; lastKnownFileType = sourcecode.c.h; path = timeanalyze.h; sourceTree = "<group>"; };
		A5D0C97A18F501330051328E /* UXinClient-Info.plist */ = {isa = PBXFileReference; fileEncoding = 4; lastKnownFileType = text.plist.xml; path = "UXinClient-Info.plist"; sourceTree = "<group>"; };
		A5D0D27318F52B140051328E /* UCSNetDef.h */ = {isa = PBXFileReference; lastKnownFileType = sourcecode.c.h; path = UCSNetDef.h; sourceTree = "<group>"; };
		A5D0D27718F52FA30051328E /* UCSPublicFunc.h */ = {isa = PBXFileReference; fileEncoding = 4; lastKnownFileType = sourcecode.c.h; path = UCSPublicFunc.h; sourceTree = "<group>"; };
		A5D0D27818F52FA30051328E /* UCSPublicFunc.m */ = {isa = PBXFileReference; fileEncoding = 4; lastKnownFileType = sourcecode.c.objc; path = UCSPublicFunc.m; sourceTree = "<group>"; };
		A5D8F0C918FF84F900EC8957 /* UCSHttpRequest.h */ = {isa = PBXFileReference; fileEncoding = 4; lastKnownFileType = sourcecode.c.h; path = UCSHttpRequest.h; sourceTree = "<group>"; };
		A5D8F0CA18FF84F900EC8957 /* UCSHttpRequest.m */ = {isa = PBXFileReference; fileEncoding = 4; lastKnownFileType = sourcecode.c.objc; path = UCSHttpRequest.m; sourceTree = "<group>"; };
		A5DD49621A00DB5200A64CCA /* UCSQualityRequestManager.h */ = {isa = PBXFileReference; fileEncoding = 4; lastKnownFileType = sourcecode.c.h; path = UCSQualityRequestManager.h; sourceTree = "<group>"; };
		A5DD49631A00DB5200A64CCA /* UCSQualityRequestManager.m */ = {isa = PBXFileReference; fileEncoding = 4; lastKnownFileType = sourcecode.c.objc; path = UCSQualityRequestManager.m; sourceTree = "<group>"; };
		A5DD49671A01F62200A64CCA /* crypt.h */ = {isa = PBXFileReference; fileEncoding = 4; lastKnownFileType = sourcecode.c.h; path = crypt.h; sourceTree = "<group>"; };
		A5DD49681A01F62200A64CCA /* ioapi.c */ = {isa = PBXFileReference; fileEncoding = 4; lastKnownFileType = sourcecode.c.c; path = ioapi.c; sourceTree = "<group>"; };
		A5DD49691A01F62200A64CCA /* ioapi.h */ = {isa = PBXFileReference; fileEncoding = 4; lastKnownFileType = sourcecode.c.h; path = ioapi.h; sourceTree = "<group>"; };
		A5DD496A1A01F62200A64CCA /* mztools.c */ = {isa = PBXFileReference; fileEncoding = 4; lastKnownFileType = sourcecode.c.c; path = mztools.c; sourceTree = "<group>"; };
		A5DD496B1A01F62200A64CCA /* mztools.h */ = {isa = PBXFileReference; fileEncoding = 4; lastKnownFileType = sourcecode.c.h; path = mztools.h; sourceTree = "<group>"; };
		A5DD496C1A01F62200A64CCA /* unzip.c */ = {isa = PBXFileReference; fileEncoding = 4; lastKnownFileType = sourcecode.c.c; path = unzip.c; sourceTree = "<group>"; };
		A5DD496D1A01F62200A64CCA /* unzip.h */ = {isa = PBXFileReference; fileEncoding = 4; lastKnownFileType = sourcecode.c.h; path = unzip.h; sourceTree = "<group>"; };
		A5DD496E1A01F62200A64CCA /* zip.c */ = {isa = PBXFileReference; fileEncoding = 4; lastKnownFileType = sourcecode.c.c; path = zip.c; sourceTree = "<group>"; };
		A5DD496F1A01F62200A64CCA /* zip.h */ = {isa = PBXFileReference; fileEncoding = 4; lastKnownFileType = sourcecode.c.h; path = zip.h; sourceTree = "<group>"; };
		A5DD49771A022B0400A64CCA /* CallLogManager.h */ = {isa = PBXFileReference; fileEncoding = 4; lastKnownFileType = sourcecode.c.h; path = CallLogManager.h; sourceTree = "<group>"; };
		A5DD49781A022B0400A64CCA /* CallLogManager.mm */ = {isa = PBXFileReference; fileEncoding = 4; lastKnownFileType = sourcecode.cpp.objcpp; path = CallLogManager.mm; sourceTree = "<group>"; };
		A5DD497B1A02333800A64CCA /* UCSCPSManager.h */ = {isa = PBXFileReference; fileEncoding = 4; lastKnownFileType = sourcecode.c.h; path = UCSCPSManager.h; sourceTree = "<group>"; };
		A5FBD8E5192AFA5200585E00 /* UCSReason.h */ = {isa = PBXFileReference; fileEncoding = 4; lastKnownFileType = sourcecode.c.h; path = UCSReason.h; sourceTree = "<group>"; };
		A5FBD8E6192AFA5200585E00 /* UCSReason.m */ = {isa = PBXFileReference; fileEncoding = 4; lastKnownFileType = sourcecode.c.objc; path = UCSReason.m; sourceTree = "<group>"; };
		A5FBD8EF192B5A9900585E00 /* libc.dylib */ = {isa = PBXFileReference; lastKnownFileType = "compiled.mach-o.dylib"; name = libc.dylib; path = usr/lib/libc.dylib; sourceTree = SDKROOT; };
/* End PBXFileReference section */

/* Begin PBXFrameworksBuildPhase section */
		A543ABA918ED747100F16CA9 /* Frameworks */ = {
			isa = PBXFrameworksBuildPhase;
			buildActionMask = 2147483647;
			files = (
				A5D0BBC118F4D7AB0051328E /* UIKit.framework in Frameworks */,
				A543ABB018ED747100F16CA9 /* Foundation.framework in Frameworks */,
				A5D0BBB718F4D75A0051328E /* CFNetwork.framework in Frameworks */,
				A5D0BBB318F4D73E0051328E /* AVFoundation.framework in Frameworks */,
				A5D0BBB118F4D71C0051328E /* AudioToolbox.framework in Frameworks */,
				5A21F0E11EE160E8004F6824 /* ugo-Mac-lib.a in Frameworks */,
				A5D0BBAF18F4D6F10051328E /* CoreAudio.framework in Frameworks */,
				A5D0BBAD18F4D6E50051328E /* SystemConfiguration.framework in Frameworks */,
				A5D0BBAB18F4D6D00051328E /* MediaPlayer.framework in Frameworks */,
				A5D0BBA718F4D6AA0051328E /* CoreVideo.framework in Frameworks */,
				5A21F0E21EE160E8004F6824 /* vigo-Mac.a in Frameworks */,
				A5D0BBA518F4D69E0051328E /* CoreMedia.framework in Frameworks */,
				A5D0BBA318F4D6950051328E /* Security.framework in Frameworks */,
				A5D0BB9118F4D6180051328E /* EventKit.framework in Frameworks */,
			);
			runOnlyForDeploymentPostprocessing = 0;
		};
/* End PBXFrameworksBuildPhase section */

/* Begin PBXGroup section */
		2AB469171CD9F6F6003A4F79 /* interfaceforsmarthard */ = {
			isa = PBXGroup;
			children = (
				2AB469181CD9F6F6003A4F79 /* KCTCommonClass.strings */,
				2AB469191CD9F6F6003A4F79 /* KCTEvent.strings */,
				2AB4691A1CD9F6F6003A4F79 /* KCTService.strings */,
			);
			path = interfaceforsmarthard;
			sourceTree = "<group>";
		};
		2ACF42DB1B423D7E009C5680 /* ucstcplib */ = {
			isa = PBXGroup;
			children = (
				5ABE93EB1E08DAD900A06E6E /* KCTTcpClient.h */,
				5ABE93E91E08DAB800A06E6E /* KCTError.h */,
				5ABE93EA1E08DAB800A06E6E /* KCTTCPSDK.h */,
				5ABE93ED1E08DBD100A06E6E /* KCTTCPCommonClass.h */,
				5ABE93EC1E08DAEE00A06E6E /* KCTTcpDefine.h */,
				5ABE93EE1E08DC1400A06E6E /* KCTTCPDelegateBase.h */,
				2ABE5F3F1C76C81C0042A622 /* KCTMessageFrame.h */,
				2ABE5F411C76C8380042A622 /* KCTProtocolClass.h */,
			);
			name = ucstcplib;
			path = ucsapisdk/ucstcplib;
			sourceTree = "<group>";
		};
		3B9E98B719D2743600FA8D61 /* UCSOpenUDID */ = {
			isa = PBXGroup;
			children = (
				2A5251D51CFFD0F000D33511 /* UCSOpenUDID.h */,
				2A5251D61CFFD0F000D33511 /* UCSOpenUDID.m */,
			);
			path = UCSOpenUDID;
			sourceTree = "<group>";
		};
		5A004D8E1E1C97C7009BCB4C /* bson */ = {
			isa = PBXGroup;
			children = (
				5A004D911E1C97DB009BCB4C /* NuBSON.h */,
			);
			name = bson;
			sourceTree = "<group>";
		};
		A543ABA318ED747100F16CA9 = {
			isa = PBXGroup;
			children = (
				2ACF42DB1B423D7E009C5680 /* ucstcplib */,
				A568BDD618F67058007FA277 /* Codes */,
				A5D0C6FF18F501320051328E /* Lib */,
				A5D0C97318F501330051328E /* UXMain */,
				A543ABB118ED747100F16CA9 /* ucsvideosdk */,
				2AB469171CD9F6F6003A4F79 /* interfaceforsmarthard */,
				A543ABAE18ED747100F16CA9 /* Frameworks */,
				A543ABAD18ED747100F16CA9 /* Products */,
			);
			sourceTree = "<group>";
		};
		A543ABAD18ED747100F16CA9 /* Products */ = {
			isa = PBXGroup;
			children = (
				A543ABAC18ED747100F16CA9 /* libVideo.a */,
			);
			name = Products;
			sourceTree = "<group>";
		};
		A543ABAE18ED747100F16CA9 /* Frameworks */ = {
			isa = PBXGroup;
			children = (
				5ACCED1E1E2E0F930093A8D5 /* libTcp.a */,
				A569A3741977902300C26013 /* libstdc++.6.dylib */,
				A5FBD8EF192B5A9900585E00 /* libc.dylib */,
				A5D0BBC818F4D8130051328E /* libsqlite3.dylib */,
				A5D0BBC618F4D7DC0051328E /* libicucore.dylib */,
				A5D0BBC018F4D7AB0051328E /* UIKit.framework */,
				A5D0BBB618F4D75A0051328E /* CFNetwork.framework */,
				A5D0BBB418F4D7500051328E /* libresolv.dylib */,
				A5D0BBB218F4D73E0051328E /* AVFoundation.framework */,
				A5D0BBB018F4D71C0051328E /* AudioToolbox.framework */,
				A5D0BBAE18F4D6F10051328E /* CoreAudio.framework */,
				A5D0BBAC18F4D6E50051328E /* SystemConfiguration.framework */,
				A5D0BBAA18F4D6D00051328E /* MediaPlayer.framework */,
				A5D0BBA618F4D6AA0051328E /* CoreVideo.framework */,
				A5D0BBA418F4D69E0051328E /* CoreMedia.framework */,
				A5D0BBA218F4D6950051328E /* Security.framework */,
				A5D0BB9818F4D6440051328E /* libz.1.2.5.dylib */,
				A5D0BB9418F4D62D0051328E /* libstdc++.dylib */,
				A5D0BB9018F4D6180051328E /* EventKit.framework */,
				A5D0BB8E18F4D60B0051328E /* libxml2.dylib */,
				A543ABAF18ED747100F16CA9 /* Foundation.framework */,
				A543ABBD18ED747100F16CA9 /* XCTest.framework */,
			);
			name = Frameworks;
			sourceTree = "<group>";
		};
		A543ABB118ED747100F16CA9 /* ucsvideosdk */ = {
			isa = PBXGroup;
			children = (
				A5D0BBCA18F4D8AB0051328E /* Code */,
				A543ABD918ED758D00F16CA9 /* KCTEvent.h */,
				A543ABDA18ED758D00F16CA9 /* KCTService.h */,
				A543ABDB18ED758D00F16CA9 /* KCTService.m */,
				A543ABDC18ED758D00F16CA9 /* KCTCommonClass.h */,
				A543ABDD18ED758D00F16CA9 /* KCTCommonClass.m */,
				A543ABB218ED747100F16CA9 /* Supporting Files */,
			);
			name = ucsvideosdk;
			path = ucsapisdk;
			sourceTree = "<group>";
		};
		A543ABB218ED747100F16CA9 /* Supporting Files */ = {
			isa = PBXGroup;
			children = (
				2A1297C71AFA07C50057C229 /* ucsvideosdk-Prefix.pch */,
			);
			name = "Supporting Files";
			sourceTree = "<group>";
		};
		A568BDD618F67058007FA277 /* Codes */ = {
			isa = PBXGroup;
			children = (
				A585BD3D197FB05200F47228 /* UXinClient */,
			);
			name = Codes;
			path = ucsapisdk/Codes;
			sourceTree = "<group>";
		};
		A585BD3D197FB05200F47228 /* UXinClient */ = {
			isa = PBXGroup;
			children = (
				A585BD3E197FB05200F47228 /* Common */,
				A585BDC5197FB05200F47228 /* DataBase */,
				A585BE2C197FB05200F47228 /* Net */,
				A585BF0D197FB05200F47228 /* Support */,
				A585BF9D197FB05300F47228 /* UseSoftphone */,
			);
			path = UXinClient;
			sourceTree = "<group>";
		};
		A585BD3E197FB05200F47228 /* Common */ = {
			isa = PBXGroup;
			children = (
				5A004D8E1E1C97C7009BCB4C /* bson */,
				A585C0D4197FBE8300F47228 /* CustomUDPListPing.h */,
				A585C0D5197FBE8300F47228 /* CustomUDPListPing.m */,
				2AFDDF651CA1243C00D349CA /* KeyChain.h */,
				2AFDDF661CA1243C00D349CA /* KeyChain.m */,
				A585C094197FB28F00F47228 /* PublicFunc.h */,
				A585C095197FB28F00F47228 /* PublicFunc.m */,
				2AFDDF681CA1541F00D349CA /* UXinSoundManager.h */,
				2AFDDF691CA1541F00D349CA /* UXinSoundManager.m */,
				A585C0A6197FB28F00F47228 /* UXLogging.h */,
				A585C0A7197FB28F00F47228 /* UXLogging.m */,
				2A5FEED31CE5D4FD006D572E /* UCSVoipCommonFunc.h */,
				2A5FEED41CE5D4FD006D572E /* UCSVoipCommonFunc.m */,
			);
			path = Common;
			sourceTree = "<group>";
		};
		A585BDC5197FB05200F47228 /* DataBase */ = {
			isa = PBXGroup;
			children = (
				A585C0BF197FB38000F47228 /* UserDefaultManager.h */,
				A585C0C0197FB38000F47228 /* UserDefaultManager.m */,
				A585C0BC197FB35600F47228 /* UserKeyChainManager.h */,
				A585C0BD197FB35600F47228 /* UserKeyChainManager.m */,
			);
			path = DataBase;
			sourceTree = "<group>";
		};
		A585BE2C197FB05200F47228 /* Net */ = {
			isa = PBXGroup;
			children = (
				A5A15CE1199A0E1300DD45D0 /* NSDataEx.h */,
				A5A15CE2199A0E1300DD45D0 /* NSDataEx.m */,
				A585BE39197FB05200F47228 /* SecurityURLAdaptor.h */,
				A585BE3A197FB05200F47228 /* SecurityURLAdaptor.m */,
				A585BE3B197FB05200F47228 /* Signature */,
			);
			path = Net;
			sourceTree = "<group>";
		};
		A585BE3B197FB05200F47228 /* Signature */ = {
			isa = PBXGroup;
			children = (
				A585BE3C197FB05200F47228 /* rc4.h */,
				A585BE3D197FB05200F47228 /* SHA1.h */,
				A585BE3E197FB05200F47228 /* Signature.c */,
				A585BE3F197FB05200F47228 /* Signature.h */,
			);
			path = Signature;
			sourceTree = "<group>";
		};
		A585BF0D197FB05200F47228 /* Support */ = {
			isa = PBXGroup;
			children = (
				A5B1DA6519FA06BB0052A58A /* Statistical */,
				3B9E98B719D2743600FA8D61 /* UCSOpenUDID */,
				A585BF0E197FB05200F47228 /* AsyncSocket */,
				A585BF13197FB05200F47228 /* base64 */,
				A585BF21197FB05200F47228 /* Common */,
				A585BF43197FB05200F47228 /* md5 */,
				A585BF57197FB05300F47228 /* UCSASIHTTPRequest */,
			);
			path = Support;
			sourceTree = "<group>";
		};
		A585BF0E197FB05200F47228 /* AsyncSocket */ = {
			isa = PBXGroup;
			children = (
				5A49532C1E49CF8800073A56 /* GCDAsyncUdpSocket.h */,
				5A49532D1E49CF8800073A56 /* GCDAsyncUdpSocket.m */,
			);
			path = AsyncSocket;
			sourceTree = "<group>";
		};
		A585BF13197FB05200F47228 /* base64 */ = {
			isa = PBXGroup;
			children = (
				A585BF14197FB05200F47228 /* GTMDefines.h */,
				A585BF15197FB05200F47228 /* uxinbase64.h */,
				A585BF16197FB05200F47228 /* uxinbase64.m */,
				A585BF17197FB05200F47228 /* UxinGTMBase64.h */,
				A585BF18197FB05200F47228 /* UxinGTMBase64.m */,
			);
			path = base64;
			sourceTree = "<group>";
		};
		A585BF21197FB05200F47228 /* Common */ = {
			isa = PBXGroup;
			children = (
			);
			path = Common;
			sourceTree = "<group>";
		};
		A585BF43197FB05200F47228 /* md5 */ = {
			isa = PBXGroup;
			children = (
				A585BF44197FB05200F47228 /* Utility.h */,
				A585BF45197FB05200F47228 /* Utility.m */,
			);
			path = md5;
			sourceTree = "<group>";
		};
		A585BF57197FB05300F47228 /* UCSASIHTTPRequest */ = {
			isa = PBXGroup;
			children = (
				A585BF5A197FB05300F47228 /* UCSASICacheDelegate.h */,
				A585BF5B197FB05300F47228 /* UCSASIDataCompressor.h */,
				A585BF5C197FB05300F47228 /* UCSASIDataCompressor.m */,
				A585BF5D197FB05300F47228 /* UCSASIDataDecompressor.h */,
				A585BF5E197FB05300F47228 /* UCSASIDataDecompressor.m */,
				A585BF5F197FB05300F47228 /* UCSASIDownloadCache.h */,
				A585BF60197FB05300F47228 /* UCSASIDownloadCache.m */,
				A585BF61197FB05300F47228 /* UCSASIFormDataRequest.h */,
				A585BF62197FB05300F47228 /* UCSASIFormDataRequest.m */,
				A585BF63197FB05300F47228 /* UCSASIHTTPRequest.h */,
				A585BF64197FB05300F47228 /* UCSASIHTTPRequest.m */,
				A585BF65197FB05300F47228 /* UCSASIHTTPRequestConfig.h */,
				A585BF66197FB05300F47228 /* UCSASIHTTPRequestDelegate.h */,
				A585BF67197FB05300F47228 /* UCSASIInputStream.h */,
				A585BF68197FB05300F47228 /* UCSASIInputStream.m */,
				A585BF69197FB05300F47228 /* UCSASINetworkQueue.h */,
				A585BF6A197FB05300F47228 /* UCSASINetworkQueue.m */,
				A585BF6B197FB05300F47228 /* UCSASIProgressDelegate.h */,
			);
			path = UCSASIHTTPRequest;
			sourceTree = "<group>";
		};
		A585BF9D197FB05300F47228 /* UseSoftphone */ = {
			isa = PBXGroup;
			children = (
				5A81E8B21EDE5D7800C3F6FB /* MacVideoView.h */,
				2AB95EB81C3FB8FD008E91F3 /* ugo_comm.h */,
				2AF3D68E1B4E539E00EF9D33 /* amr_interface.h */,
				2AF3D68F1B4E539E00EF9D33 /* Config.h */,
				2AF3D6901B4E539E00EF9D33 /* MediaEngineInterface.h */,
				2AF3D6911B4E539E00EF9D33 /* SoftphoneManager.h */,
				2AF3D6921B4E539E00EF9D33 /* SoftphoneManager.mm */,
				2AF3D6931B4E539E00EF9D33 /* SoftphoneUIDelegates.h */,
				2AF3D6941B4E539E00EF9D33 /* typedef.h */,
				2AF3D6951B4E539E00EF9D33 /* ugo.h */,
				2AF3D6961B4E539E00EF9D33 /* VideoView.h */,
				2AF3D6971B4E539E00EF9D33 /* ViGoEngine.h */,
			);
			path = UseSoftphone;
			sourceTree = "<group>";
		};
		A5B1DA6519FA06BB0052A58A /* Statistical */ = {
			isa = PBXGroup;
			children = (
				A5DD497A1A02331100A64CCA /* CPS */,
				A5DD49601A00DA5900A64CCA /* ReportExceptionFile */,
				A5DD49611A00DA5900A64CCA /* ReportQuality */,
				A5B1DA6619FA06BB0052A58A /* UCSStatiRequestManager.h */,
				A5B1DA6719FA06BB0052A58A /* UCSStatiRequestManager.m */,
				2AB95EB91C3FDE87008E91F3 /* UCSRecordRequestManager.h */,
				2AB95EBA1C3FDE87008E91F3 /* UCSRecordRequestManager.m */,
				9AA313991C44E521009ED5E8 /* UCSCrashLogRequestManager.h */,
				9AA3139A1C44E521009ED5E8 /* UCSCrashLogRequestManager.m */,
				9AD5B04B1C4603760098FDAA /* UCSConLogRequestManager.h */,
				9AD5B04C1C4603760098FDAA /* UCSConLogRequestManager.m */,
				A5B1DA6919FA06BB0052A58A /* UCSStatisticalHelp.h */,
				A5B1DA6A19FA06BB0052A58A /* UCSStatisticalHelp.m */,
				A5B1DA6C19FA06BB0052A58A /* UIDevice+IOKit_Extensions.h */,
				A5B1DA6D19FA06BB0052A58A /* UIDevice+IOKit_Extensions.m */,
			);
			path = Statistical;
			sourceTree = "<group>";
		};
		A5B692C818FE9FD800898C41 /* Call */ = {
			isa = PBXGroup;
			children = (
				A5B692CD18FEA5A600898C41 /* Calling */,
				A5B692C918FE9FD800898C41 /* Dail */,
			);
			path = Call;
			sourceTree = "<group>";
		};
		A5B692C918FE9FD800898C41 /* Dail */ = {
			isa = PBXGroup;
			children = (
				A5B692CA18FE9FD800898C41 /* UCSDialViewController.h */,
				A5B692CB18FE9FD800898C41 /* UCSDialViewController.mm */,
			);
			path = Dail;
			sourceTree = "<group>";
		};
		A5B692CD18FEA5A600898C41 /* Calling */ = {
			isa = PBXGroup;
			children = (
				A50D80981929AE680015B689 /* UCSCallingHttpRequest.h */,
				A50D80991929AE680015B689 /* UCSCallingHttpRequest.m */,
			);
			path = Calling;
			sourceTree = "<group>";
		};
		A5D0BBCA18F4D8AB0051328E /* Code */ = {
			isa = PBXGroup;
			children = (
				A5FBD8E4192AFA2400585E00 /* Entity */,
				A5B692C818FE9FD800898C41 /* Call */,
				A5D0D27218F52B010051328E /* Net */,
				A5D0C31218F4E7EB0051328E /* Common */,
			);
			path = Code;
			sourceTree = "<group>";
		};
		A5D0C31218F4E7EB0051328E /* Common */ = {
			isa = PBXGroup;
			children = (
				A5D0D27718F52FA30051328E /* UCSPublicFunc.h */,
				A5D0D27818F52FA30051328E /* UCSPublicFunc.m */,
				A5D0C31318F4E86E0051328E /* UCSPublicDef.h */,
			);
			path = Common;
			sourceTree = "<group>";
		};
		A5D0C6FF18F501320051328E /* Lib */ = {
			isa = PBXGroup;
			children = (
				5A21F0DF1EE160E8004F6824 /* ugo-Mac-lib.a */,
				5A21F0E01EE160E8004F6824 /* vigo-Mac.a */,
			);
			name = Lib;
			path = ucsapisdk/Lib;
			sourceTree = "<group>";
		};
		A5D0C97318F501330051328E /* UXMain */ = {
			isa = PBXGroup;
			children = (
				A5D0C97618F501330051328E /* InfoPlist.strings */,
				A5D0C97818F501330051328E /* timeanalyze.c */,
				A5D0C97918F501330051328E /* timeanalyze.h */,
				A5D0C97A18F501330051328E /* UXinClient-Info.plist */,
			);
			name = UXMain;
			path = ucsapisdk/UXMain;
			sourceTree = "<group>";
		};
		A5D0D27218F52B010051328E /* Net */ = {
			isa = PBXGroup;
			children = (
				A56221F7194EA2AD00F592A6 /* UCSNetStaticInterface.h */,
				A56221F8194EA2AD00F592A6 /* UCSNetStaticInterface.m */,
				A5D8F0C918FF84F900EC8957 /* UCSHttpRequest.h */,
				A5D8F0CA18FF84F900EC8957 /* UCSHttpRequest.m */,
				A5B692C518FE13C200898C41 /* UCSTCPClientManager.h */,
				A5B692C618FE13C200898C41 /* UCSTCPClientManager.m */,
				A5D0D27318F52B140051328E /* UCSNetDef.h */,
			);
			path = Net;
			sourceTree = "<group>";
		};
		A5DD49601A00DA5900A64CCA /* ReportExceptionFile */ = {
			isa = PBXGroup;
			children = (
				9AA313971C44D7E2009ED5E8 /* UCSVoipCatchExceptionHandler.h */,
				9AA313961C44D7E2009ED5E8 /* UCSVoipCatchExceptionHandler.m */,
				2A6670E61B66166900B1BA1F /* UCSExceptionHandler.h */,
				2A6670E71B66166900B1BA1F /* UCSExceptionHandler.m */,
				3BA8F0151A79D33800C0169C /* SDKLogManager.h */,
				3BA8F0161A79D33800C0169C /* SDKLogManager.m */,
				A5DD49771A022B0400A64CCA /* CallLogManager.h */,
				A5DD49781A022B0400A64CCA /* CallLogManager.mm */,
				A5DD49651A01F62200A64CCA /* ZipArchive */,
			);
			path = ReportExceptionFile;
			sourceTree = "<group>";
		};
		A5DD49611A00DA5900A64CCA /* ReportQuality */ = {
			isa = PBXGroup;
			children = (
				A5DD49621A00DB5200A64CCA /* UCSQualityRequestManager.h */,
				A5DD49631A00DB5200A64CCA /* UCSQualityRequestManager.m */,
			);
			path = ReportQuality;
			sourceTree = "<group>";
		};
		A5DD49651A01F62200A64CCA /* ZipArchive */ = {
			isa = PBXGroup;
			children = (
				A5DD49661A01F62200A64CCA /* minizip */,
				2A8B3A0D1D0524C8009FF3BE /* UCSVoipZipArchive.h */,
				2A8B3A0E1D0524C8009FF3BE /* UCSVoipZipArchive.mm */,
			);
			path = ZipArchive;
			sourceTree = "<group>";
		};
		A5DD49661A01F62200A64CCA /* minizip */ = {
			isa = PBXGroup;
			children = (
				A5DD49671A01F62200A64CCA /* crypt.h */,
				A5DD49681A01F62200A64CCA /* ioapi.c */,
				A5DD49691A01F62200A64CCA /* ioapi.h */,
				A5DD496A1A01F62200A64CCA /* mztools.c */,
				A5DD496B1A01F62200A64CCA /* mztools.h */,
				A5DD496C1A01F62200A64CCA /* unzip.c */,
				A5DD496D1A01F62200A64CCA /* unzip.h */,
				A5DD496E1A01F62200A64CCA /* zip.c */,
				A5DD496F1A01F62200A64CCA /* zip.h */,
			);
			path = minizip;
			sourceTree = "<group>";
		};
		A5DD497A1A02331100A64CCA /* CPS */ = {
			isa = PBXGroup;
			children = (
				A5C21E261A0771B200796F35 /* UCSCPSManager.m */,
				A5DD497B1A02333800A64CCA /* UCSCPSManager.h */,
			);
			path = CPS;
			sourceTree = "<group>";
		};
		A5FBD8E4192AFA2400585E00 /* Entity */ = {
			isa = PBXGroup;
			children = (
				A5FBD8E5192AFA5200585E00 /* UCSReason.h */,
				A5FBD8E6192AFA5200585E00 /* UCSReason.m */,
			);
			path = Entity;
			sourceTree = "<group>";
		};
/* End PBXGroup section */

/* Begin PBXNativeTarget section */
		A543ABAB18ED747100F16CA9 /* ucsvideosdk */ = {
			isa = PBXNativeTarget;
			buildConfigurationList = A543ABCF18ED747100F16CA9 /* Build configuration list for PBXNativeTarget "ucsvideosdk" */;
			buildPhases = (
				A543ABA818ED747100F16CA9 /* Sources */,
				A543ABA918ED747100F16CA9 /* Frameworks */,
				A543ABAA18ED747100F16CA9 /* CopyFiles */,
			);
			buildRules = (
			);
			dependencies = (
			);
			name = ucsvideosdk;
			productName = ucsapisdk;
			productReference = A543ABAC18ED747100F16CA9 /* libVideo.a */;
			productType = "com.apple.product-type.library.static";
		};
/* End PBXNativeTarget section */

/* Begin PBXProject section */
		A543ABA418ED747100F16CA9 /* Project object */ = {
			isa = PBXProject;
			attributes = {
				LastUpgradeCheck = 0510;
				ORGANIZATIONNAME = ucs;
			};
			buildConfigurationList = A543ABA718ED747100F16CA9 /* Build configuration list for PBXProject "ucsvideosdk" */;
			compatibilityVersion = "Xcode 3.2";
			developmentRegion = English;
			hasScannedForEncodings = 0;
			knownRegions = (
				en,
				"zh-Hans",
				"zh-Hant",
			);
			mainGroup = A543ABA318ED747100F16CA9;
			productRefGroup = A543ABAD18ED747100F16CA9 /* Products */;
			projectDirPath = "";
			projectRoot = "";
			targets = (
				A543ABAB18ED747100F16CA9 /* ucsvideosdk */,
			);
		};
/* End PBXProject section */

/* Begin PBXSourcesBuildPhase section */
		A543ABA818ED747100F16CA9 /* Sources */ = {
			isa = PBXSourcesBuildPhase;
			buildActionMask = 2147483647;
			files = (
				A543ABDF18ED758D00F16CA9 /* KCTCommonClass.m in Sources */,
				2AF3D6981B4E539E00EF9D33 /* SoftphoneManager.mm in Sources */,
				2A6670E81B66166900B1BA1F /* UCSExceptionHandler.m in Sources */,
				5A49532E1E49CF8800073A56 /* GCDAsyncUdpSocket.m in Sources */,
				2AB95EBB1C3FDE87008E91F3 /* UCSRecordRequestManager.m in Sources */,
				A5B1DA7119FA06BB0052A58A /* UIDevice+IOKit_Extensions.m in Sources */,
				9AA3139B1C44E521009ED5E8 /* UCSCrashLogRequestManager.m in Sources */,
				A5FBD8E7192AFA5200585E00 /* UCSReason.m in Sources */,
				A5B692C718FE13C200898C41 /* UCSTCPClientManager.m in Sources */,
				9AD5B04D1C4603760098FDAA /* UCSConLogRequestManager.m in Sources */,
				2A8B3A0F1D0524C8009FF3BE /* UCSVoipZipArchive.mm in Sources */,
				A5DD49731A01F62200A64CCA /* mztools.c in Sources */,
				A5C21E271A0771B200796F35 /* UCSCPSManager.m in Sources */,
				A5A15CE3199A0E1300DD45D0 /* NSDataEx.m in Sources */,
				A585C06B197FB05300F47228 /* UCSASIFormDataRequest.m in Sources */,
				2A5FEED51CE5D4FD006D572E /* UCSVoipCommonFunc.m in Sources */,
				A5B692CC18FE9FD800898C41 /* UCSDialViewController.mm in Sources */,
				A585C04C197FB05300F47228 /* UxinGTMBase64.m in Sources */,
				A585C0AF197FB28F00F47228 /* PublicFunc.m in Sources */,
				A50D809A1929AE680015B689 /* UCSCallingHttpRequest.m in Sources */,
				A585C069197FB05300F47228 /* UCSASIDataDecompressor.m in Sources */,
				A585C05F197FB05300F47228 /* Utility.m in Sources */,
				A5B1DA6E19FA06BB0052A58A /* UCSStatiRequestManager.m in Sources */,
				A5D0D27918F52FA30051328E /* UCSPublicFunc.m in Sources */,
				A585C04B197FB05300F47228 /* uxinbase64.m in Sources */,
				A5DD49791A022B0400A64CCA /* CallLogManager.mm in Sources */,
				A585C0BE197FB35600F47228 /* UserKeyChainManager.m in Sources */,
				A5DD49751A01F62200A64CCA /* zip.c in Sources */,
				A5DD49741A01F62200A64CCA /* unzip.c in Sources */,
				A585C06D197FB05300F47228 /* UCSASIInputStream.m in Sources */,
				A585C010197FB05300F47228 /* SecurityURLAdaptor.m in Sources */,
				2AFDDF6A1CA1541F00D349CA /* UXinSoundManager.m in Sources */,
				A585C06C197FB05300F47228 /* UCSASIHTTPRequest.m in Sources */,
				A543ABDE18ED758D00F16CA9 /* KCTService.m in Sources */,
				A585C0B8197FB28F00F47228 /* UXLogging.m in Sources */,
				A56221F9194EA2AD00F592A6 /* UCSNetStaticInterface.m in Sources */,
				A5D0CAC118F501340051328E /* timeanalyze.c in Sources */,
				A585C06A197FB05300F47228 /* UCSASIDownloadCache.m in Sources */,
				A585C011197FB05300F47228 /* Signature.c in Sources */,
				2A5251D71CFFD0F000D33511 /* UCSOpenUDID.m in Sources */,
				A585C06E197FB05300F47228 /* UCSASINetworkQueue.m in Sources */,
				A585C068197FB05300F47228 /* UCSASIDataCompressor.m in Sources */,
				9AA313981C44D7E2009ED5E8 /* UCSVoipCatchExceptionHandler.m in Sources */,
				3BA8F0171A79D33800C0169C /* SDKLogManager.m in Sources */,
				2AFDDF671CA1243C00D349CA /* KeyChain.m in Sources */,
				A5D8F0CB18FF84F900EC8957 /* UCSHttpRequest.m in Sources */,
				A5DD49721A01F62200A64CCA /* ioapi.c in Sources */,
				A5B1DA6F19FA06BB0052A58A /* UCSStatisticalHelp.m in Sources */,
				A5DD49641A00DB5200A64CCA /* UCSQualityRequestManager.m in Sources */,
				A585C0C1197FB38000F47228 /* UserDefaultManager.m in Sources */,
				A585C0D6197FBE8300F47228 /* CustomUDPListPing.m in Sources */,
			);
			runOnlyForDeploymentPostprocessing = 0;
		};
/* End PBXSourcesBuildPhase section */

/* Begin XCBuildConfiguration section */
		A543ABCD18ED747100F16CA9 /* Debug */ = {
			isa = XCBuildConfiguration;
			buildSettings = {
				ALWAYS_SEARCH_USER_PATHS = NO;
				ARCHS = "$(ARCHS_STANDARD)";
				CLANG_CXX_LANGUAGE_STANDARD = "gnu++0x";
				CLANG_CXX_LIBRARY = "libc++";
				CLANG_ENABLE_MODULES = YES;
				CLANG_ENABLE_OBJC_ARC = YES;
				CLANG_WARN_BOOL_CONVERSION = YES;
				CLANG_WARN_CONSTANT_CONVERSION = YES;
				CLANG_WARN_DIRECT_OBJC_ISA_USAGE = YES_ERROR;
				CLANG_WARN_EMPTY_BODY = YES;
				CLANG_WARN_ENUM_CONVERSION = YES;
				CLANG_WARN_INT_CONVERSION = YES;
				CLANG_WARN_OBJC_ROOT_CLASS = YES_ERROR;
				CLANG_WARN__DUPLICATE_METHOD_MATCH = YES;
				COPY_PHASE_STRIP = NO;
				GCC_C_LANGUAGE_STANDARD = gnu99;
				GCC_DYNAMIC_NO_PIC = NO;
				GCC_OPTIMIZATION_LEVEL = 0;
				GCC_PREPROCESSOR_DEFINITIONS = UCSDEBUG;
				GCC_SYMBOLS_PRIVATE_EXTERN = NO;
				GCC_WARN_64_TO_32_BIT_CONVERSION = YES;
				GCC_WARN_ABOUT_RETURN_TYPE = YES_ERROR;
				GCC_WARN_UNDECLARED_SELECTOR = YES;
				GCC_WARN_UNINITIALIZED_AUTOS = YES_AGGRESSIVE;
				GCC_WARN_UNUSED_FUNCTION = YES;
				GCC_WARN_UNUSED_VARIABLE = YES;
				IPHONEOS_DEPLOYMENT_TARGET = 4.3;
				ONLY_ACTIVE_ARCH = YES;
				SDKROOT = iphoneos;
				VALID_ARCHS = "arm64 armv7 armv7s";
			};
			name = Debug;
		};
		A543ABCE18ED747100F16CA9 /* Release */ = {
			isa = XCBuildConfiguration;
			buildSettings = {
				ALWAYS_SEARCH_USER_PATHS = NO;
				ARCHS = "$(ARCHS_STANDARD)";
				CLANG_CXX_LANGUAGE_STANDARD = "gnu++0x";
				CLANG_CXX_LIBRARY = "libc++";
				CLANG_ENABLE_MODULES = YES;
				CLANG_ENABLE_OBJC_ARC = YES;
				CLANG_WARN_BOOL_CONVERSION = YES;
				CLANG_WARN_CONSTANT_CONVERSION = YES;
				CLANG_WARN_DIRECT_OBJC_ISA_USAGE = YES_ERROR;
				CLANG_WARN_EMPTY_BODY = YES;
				CLANG_WARN_ENUM_CONVERSION = YES;
				CLANG_WARN_INT_CONVERSION = YES;
				CLANG_WARN_OBJC_ROOT_CLASS = YES_ERROR;
				CLANG_WARN__DUPLICATE_METHOD_MATCH = YES;
				COPY_PHASE_STRIP = YES;
				ENABLE_NS_ASSERTIONS = NO;
				GCC_C_LANGUAGE_STANDARD = gnu99;
				GCC_WARN_64_TO_32_BIT_CONVERSION = YES;
				GCC_WARN_ABOUT_RETURN_TYPE = YES_ERROR;
				GCC_WARN_UNDECLARED_SELECTOR = YES;
				GCC_WARN_UNINITIALIZED_AUTOS = YES_AGGRESSIVE;
				GCC_WARN_UNUSED_FUNCTION = YES;
				GCC_WARN_UNUSED_VARIABLE = YES;
				IPHONEOS_DEPLOYMENT_TARGET = 4.3;
				ONLY_ACTIVE_ARCH = YES;
				SDKROOT = iphoneos;
				VALIDATE_PRODUCT = YES;
				VALID_ARCHS = "arm64 armv7 armv7s";
			};
			name = Release;
		};
		A543ABD018ED747100F16CA9 /* Debug */ = {
			isa = XCBuildConfiguration;
			buildSettings = {
				ARCHS = "$(ARCHS_STANDARD)";
				CLANG_CXX_LANGUAGE_STANDARD = "compiler-default";
				CLANG_CXX_LIBRARY = "compiler-default";
				CLANG_ENABLE_OBJC_ARC = NO;
				CODE_SIGN_IDENTITY = "iPhone Developer: Yulong Peng (RDYXL2CTN7)";
				CONFIGURATION_BUILD_DIR = "$(BUILD_DIR)/$(CONFIGURATION)$(EFFECTIVE_PLATFORM_NAME)";
				CONFIGURATION_TEMP_DIR = "build/Videolib/Debug-iphoneos";
				DSTROOT = /tmp/ucsapisdk.dst;
				FRAMEWORK_SEARCH_PATHS = "$(inherited)";
				GCC_C_LANGUAGE_STANDARD = "compiler-default";
				GCC_INPUT_FILETYPE = automatic;
				GCC_PRECOMPILE_PREFIX_HEADER = YES;
				GCC_PREFIX_HEADER = "ucsapisdk/ucsvideosdk-Prefix.pch";
				GCC_PREPROCESSOR_DEFINITIONS = UCSDEBUG;
				HEADER_SEARCH_PATHS = (
					"\"$(SRCROOT)/ucsapisdk/Code\"",
					/Applications/Xcode.app/Contents/Developer/Toolchains/XcodeDefault.xctoolchain/usr/include,
					"$(inherited)",
					"\"$(SRCROOT)/ucsapisdk\"",
				);
				IPHONEOS_DEPLOYMENT_TARGET = 5.1.1;
				LIBRARY_SEARCH_PATHS = (
					"$(inherited)",
					"$(PROJECT_DIR)/ucsapisdk/Lib",
					"$(USER_LIBRARY_DIR)/Developer/Xcode/DerivedData/VoiceWorkSpace-gaxsinhevyzlqvgdinbhiqmqcllh/Build/Products/Debug-iphoneos",
					"$(PROJECT_DIR)/ucsapisdk/ucstcplib",
				);
				ONLY_ACTIVE_ARCH = NO;
				OTHER_CFLAGS = "";
				OTHER_LDFLAGS = "-ObjC";
				PRODUCT_NAME = Video;
				PROVISIONING_PROFILE = "035a119a-f48c-460f-a07f-fec9c693c2ff";
				SDKROOT = macosx;
				SKIP_INSTALL = YES;
				VALID_ARCHS = x86_64;
			};
			name = Debug;
		};
		A543ABD118ED747100F16CA9 /* Release */ = {
			isa = XCBuildConfiguration;
			buildSettings = {
				ARCHS = "$(ARCHS_STANDARD)";
				CLANG_CXX_LANGUAGE_STANDARD = "compiler-default";
				CLANG_CXX_LIBRARY = "compiler-default";
				CLANG_ENABLE_OBJC_ARC = NO;
				CODE_SIGN_IDENTITY = "iPhone Developer: Yulong Peng (RDYXL2CTN7)";
				CONFIGURATION_TEMP_DIR = "build/Videolib/Release-iphoneos";
				DEPLOYMENT_POSTPROCESSING = YES;
				DSTROOT = /tmp/ucsapisdk.dst;
				FRAMEWORK_SEARCH_PATHS = "$(inherited)";
				GCC_C_LANGUAGE_STANDARD = "compiler-default";
				GCC_GENERATE_DEBUGGING_SYMBOLS = NO;
				GCC_INPUT_FILETYPE = automatic;
				GCC_PRECOMPILE_PREFIX_HEADER = YES;
				GCC_PREFIX_HEADER = "ucsapisdk/ucsvideosdk-Prefix.pch";
				GCC_SYMBOLS_PRIVATE_EXTERN = YES;
				HEADER_SEARCH_PATHS = (
					"\"$(SRCROOT)/ucsapisdk/Code\"",
					/Applications/Xcode.app/Contents/Developer/Toolchains/XcodeDefault.xctoolchain/usr/include,
					"$(inherited)",
					"\"$(SRCROOT)/ucsapisdk\"",
				);
				IPHONEOS_DEPLOYMENT_TARGET = 5.1.1;
				LIBRARY_SEARCH_PATHS = (
					"$(inherited)",
					"$(PROJECT_DIR)/ucsapisdk/Lib",
					"$(USER_LIBRARY_DIR)/Developer/Xcode/DerivedData/VoiceWorkSpace-gaxsinhevyzlqvgdinbhiqmqcllh/Build/Products/Debug-iphoneos",
					"$(PROJECT_DIR)/ucsapisdk/ucstcplib",
				);
				ONLY_ACTIVE_ARCH = NO;
				OTHER_CFLAGS = "";
				OTHER_LDFLAGS = "-ObjC";
				PRODUCT_NAME = Video;
				PROVISIONING_PROFILE = "035a119a-f48c-460f-a07f-fec9c693c2ff";
				SDKROOT = macosx;
				SKIP_INSTALL = YES;
				VALID_ARCHS = x86_64;
			};
			name = Release;
		};
/* End XCBuildConfiguration section */

/* Begin XCConfigurationList section */
		A543ABA718ED747100F16CA9 /* Build configuration list for PBXProject "ucsvideosdk" */ = {
			isa = XCConfigurationList;
			buildConfigurations = (
				A543ABCD18ED747100F16CA9 /* Debug */,
				A543ABCE18ED747100F16CA9 /* Release */,
			);
			defaultConfigurationIsVisible = 0;
			defaultConfigurationName = Release;
		};
		A543ABCF18ED747100F16CA9 /* Build configuration list for PBXNativeTarget "ucsvideosdk" */ = {
			isa = XCConfigurationList;
			buildConfigurations = (
				A543ABD018ED747100F16CA9 /* Debug */,
				A543ABD118ED747100F16CA9 /* Release */,
			);
			defaultConfigurationIsVisible = 0;
			defaultConfigurationName = Release;
		};
/* End XCConfigurationList section */
	};
	rootObject = A543ABA418ED747100F16CA9 /* Project object */;
}
